
Microsoft Visual Studio Solution File, Format Version 12.00
# Visual Studio 15
VisualStudioVersion = 15.0.28307.1022
MinimumVisualStudioVersion = 10.0.40219.1
Project("{FAE04EC0-301F-11D3-BF4B-00C04F79EFBC}") = "BatteryMeasurement", "BatteryMeasurement\BatteryMeasurement.csproj", "{3FE93554-B30F-4D51-80CD-93BE87FF6CD9}"
EndProject
Project("{FAE04EC0-301F-11D3-BF4B-00C04F79EFBC}") = "BatteryMeasurement_Tests", "BatteryMeasurement_Tests\BatteryMeasurement_Tests.csproj", "{88D38432-84B3-4A04-BAC6-ABE81B2A51AB}"
EndProject
Global
	GlobalSection(SolutionConfigurationPlatforms) = preSolution
		Debug|Any CPU = Debug|Any CPU
		Release|Any CPU = Release|Any CPU
	EndGlobalSection
	GlobalSection(ProjectConfigurationPlatforms) = postSolution
		{3FE93554-B30F-4D51-80CD-93BE87FF6CD9}.Debug|Any CPU.ActiveCfg = Debug|Any CPU
		{3FE93554-B30F-4D51-80CD-93BE87FF6CD9}.Debug|Any CPU.Build.0 = Debug|Any CPU
		{3FE93554-B30F-4D51-80CD-93BE87FF6CD9}.Release|Any CPU.ActiveCfg = Release|Any CPU
		{3FE93554-B30F-4D51-80CD-93BE87FF6CD9}.Release|Any CPU.Build.0 = Release|Any CPU
		{88D38432-84B3-4A04-BAC6-ABE81B2A51AB}.Debug|Any CPU.ActiveCfg = Debug|Any CPU
		{88D38432-84B3-4A04-BAC6-ABE81B2A51AB}.Debug|Any CPU.Build.0 = Debug|Any CPU
		{88D38432-84B3-4A04-BAC6-ABE81B2A51AB}.Release|Any CPU.ActiveCfg = Release|Any CPU
		{88D38432-84B3-4A04-BAC6-ABE81B2A51AB}.Release|Any CPU.Build.0 = Release|Any CPU
	EndGlobalSection
	GlobalSection(SolutionProperties) = preSolution
		HideSolutionNode = FALSE
	EndGlobalSection
	GlobalSection(ExtensibilityGlobals) = postSolution
		SolutionGuid = {4448957F-6906-4D41-A9E6-7566E1D15F0A}
	EndGlobalSection
EndGlobal
